<?xml version="1.0" encoding="utf-8"?>
<Project ToolsVersion="4.0" xmlns="http://schemas.microsoft.com/developer/msbuild/2003">
  <ItemGroup>
    <ClInclude Include="..\include\agate_pris\noer\factorial.hpp" />
    <ClInclude Include="..\include\agate_pris\noer\interpolation.hpp" />
    <ClInclude Include="..\include\agate_pris\noer\lerp.hpp" />
    <ClInclude Include="..\include\agate_pris\noer\pow.hpp" />
    <ClInclude Include="..\include\agate_pris\noer\excess_k.hpp" />
    <ClInclude Include="..\include\agate_pris\noer\fixed_point.hpp" />
    <ClInclude Include="..\include\agate_pris\noer\sqrt.hpp" />
    <ClInclude Include="..\include\agate_pris\noer\infinity.hpp" />
    <ClInclude Include="..\include\agate_pris\noer\function_traits.hpp" />
    <ClInclude Include="..\include\agate_pris\noer\duplicate.hpp" />
    <ClInclude Include="..\include\agate_pris\noer\eval.hpp" />
    <ClInclude Include="..\include\agate_pris\noer\as_target.hpp" />
    <ClInclude Include="..\include\agate_pris\noer\fraction_traits.hpp" />
    <ClInclude Include="..\include\agate_pris\noer\get.hpp" />
    <ClInclude Include="..\include\agate_pris\noer\empty.hpp" />
    <ClInclude Include="..\include\agate_pris\noer\geometry\triangle.hpp">
      <Filter>geometry</Filter>
    </ClInclude>
    <ClInclude Include="..\include\agate_pris\noer\geometry\polymorphic_implement.hpp">
      <Filter>geometry</Filter>
    </ClInclude>
    <ClInclude Include="..\include\agate_pris\noer\geometry\polymorphic_interface.hpp">
      <Filter>geometry</Filter>
    </ClInclude>
    <ClInclude Include="..\include\agate_pris\noer\geometry\polymorphic_implement_fwd.hpp">
      <Filter>geometry</Filter>
    </ClInclude>
    <ClInclude Include="..\include\agate_pris\noer\geometry\transform.hpp">
      <Filter>geometry</Filter>
    </ClInclude>
    <ClInclude Include="..\include\agate_pris\noer\exact_number.hpp">
      <Filter>exact_number</Filter>
    </ClInclude>
    <ClInclude Include="..\include\agate_pris\noer\config.hpp">
      <Filter>config</Filter>
    </ClInclude>
    <ClInclude Include="..\include\agate_pris\noer\config\deprecated.hpp">
      <Filter>config</Filter>
    </ClInclude>
    <ClInclude Include="..\include\agate_pris\noer\geometry\cached_point.hpp">
      <Filter>geometry</Filter>
    </ClInclude>
    <ClInclude Include="..\include\agate_pris\noer\geometry\spherical_coordinates.hpp">
      <Filter>geometry</Filter>
    </ClInclude>
    <ClInclude Include="..\include\agate_pris\noer\geometry\polar_coordinates.hpp">
      <Filter>geometry</Filter>
    </ClInclude>
    <ClInclude Include="..\include\agate_pris\noer\value_init.hpp">
      <Filter>value_init</Filter>
    </ClInclude>
    <ClInclude Include="..\include\agate_pris\noer\angle\angle.hpp">
      <Filter>angle</Filter>
    </ClInclude>
    <ClInclude Include="..\include\agate_pris\noer\angle\angle_traits.hpp">
      <Filter>angle</Filter>
    </ClInclude>
    <ClInclude Include="..\include\agate_pris\noer\angle\atan_approximation.hpp">
      <Filter>angle</Filter>
    </ClInclude>
    <ClInclude Include="..\include\agate_pris\noer\angle\atan_table.hpp">
      <Filter>angle</Filter>
    </ClInclude>
    <ClInclude Include="..\include\agate_pris\noer\angle\bbp_formula.hpp">
      <Filter>angle</Filter>
    </ClInclude>
    <ClInclude Include="..\include\agate_pris\noer\angle\cos.hpp">
      <Filter>angle</Filter>
    </ClInclude>
    <ClInclude Include="..\include\agate_pris\noer\angle\sin.hpp">
      <Filter>angle</Filter>
    </ClInclude>
    <ClInclude Include="..\include\agate_pris\noer\angle\sin_approximation.hpp">
      <Filter>angle</Filter>
    </ClInclude>
    <ClInclude Include="..\include\agate_pris\noer\angle\sin_table.hpp">
      <Filter>angle</Filter>
    </ClInclude>
    <ClInclude Include="..\include\agate_pris\noer\geometry\algorithms\intersects\box_box.hpp">
      <Filter>geometry\algorithms\intersects</Filter>
    </ClInclude>
    <ClInclude Include="..\include\agate_pris\noer\geometry\algorithms\intersects\box_point.hpp">
      <Filter>geometry\algorithms\intersects</Filter>
    </ClInclude>
    <ClInclude Include="..\include\agate_pris\noer\geometry\algorithms\intersects\box_segment.hpp">
      <Filter>geometry\algorithms\intersects</Filter>
    </ClInclude>
    <ClInclude Include="..\include\agate_pris\noer\geometry\algorithms\intersects\box_triangle.hpp">
      <Filter>geometry\algorithms\intersects</Filter>
    </ClInclude>
    <ClInclude Include="..\include\agate_pris\noer\geometry\algorithms\intersects\container.hpp">
      <Filter>geometry\algorithms\intersects</Filter>
    </ClInclude>
    <ClInclude Include="..\include\agate_pris\noer\geometry\algorithms\intersects\container_polymorphic.hpp">
      <Filter>geometry\algorithms\intersects</Filter>
    </ClInclude>
    <ClInclude Include="..\include\agate_pris\noer\geometry\algorithms\intersects\point_triangle.hpp">
      <Filter>geometry\algorithms\intersects</Filter>
    </ClInclude>
    <ClInclude Include="..\include\agate_pris\noer\geometry\algorithms\intersects\segment_segment.hpp">
      <Filter>geometry\algorithms\intersects</Filter>
    </ClInclude>
    <ClInclude Include="..\include\agate_pris\noer\geometry\algorithms\intersects\segment_triangle.hpp">
      <Filter>geometry\algorithms\intersects</Filter>
    </ClInclude>
    <ClInclude Include="..\include\agate_pris\noer\geometry\algorithms\intersects\triangle_triangle.hpp">
      <Filter>geometry\algorithms\intersects</Filter>
    </ClInclude>
    <ClInclude Include="..\include\agate_pris\noer\geometry\core\access.hpp">
      <Filter>geometry\core</Filter>
    </ClInclude>
    <ClInclude Include="..\include\agate_pris\noer\geometry\core\coordinate_dimension.hpp">
      <Filter>geometry\core</Filter>
    </ClInclude>
    <ClInclude Include="..\include\agate_pris\noer\geometry\core\point_order.hpp">
      <Filter>geometry\core</Filter>
    </ClInclude>
    <ClInclude Include="..\include\agate_pris\noer\geometry\core\point_type.hpp">
      <Filter>geometry\core</Filter>
    </ClInclude>
    <ClInclude Include="..\include\agate_pris\noer\geometry\core\tag.hpp">
      <Filter>geometry\core</Filter>
    </ClInclude>
    <ClInclude Include="..\include\agate_pris\noer\geometry\core\tags.hpp">
      <Filter>geometry\core</Filter>
    </ClInclude>
    <ClInclude Include="..\include\agate_pris\noer\geometry\geometries\point\primitive.hpp">
      <Filter>geometry\geometries\point</Filter>
    </ClInclude>
    <ClInclude Include="..\include\agate_pris\noer\geometry\geometries\point\shared.hpp">
      <Filter>geometry\geometries\point\shared</Filter>
    </ClInclude>
    <ClInclude Include="..\include\agate_pris\noer\geometry\geometries\point\shared\getter\check_assert.hpp">
      <Filter>geometry\geometries\point\shared\getter</Filter>
    </ClInclude>
    <ClInclude Include="..\include\agate_pris\noer\geometry\geometries\point\shared\getter\check_throw.hpp">
      <Filter>geometry\geometries\point\shared\getter</Filter>
    </ClInclude>
    <ClInclude Include="..\include\agate_pris\noer\geometry\geometries\point\shared\getter\check_zero.hpp">
      <Filter>geometry\geometries\point\shared\getter</Filter>
    </ClInclude>
    <ClInclude Include="..\include\agate_pris\noer\geometry\geometries\point\shared\getter\no_check.hpp">
      <Filter>geometry\geometries\point\shared\getter</Filter>
    </ClInclude>
    <ClInclude Include="..\include\agate_pris\noer\geometry\geometries\point\shared\setter\check_assert.hpp">
      <Filter>geometry\geometries\point\shared\setter</Filter>
    </ClInclude>
    <ClInclude Include="..\include\agate_pris\noer\geometry\geometries\point\shared\setter\check_ignore.hpp">
      <Filter>geometry\geometries\point\shared\setter</Filter>
    </ClInclude>
    <ClInclude Include="..\include\agate_pris\noer\geometry\geometries\point\shared\setter\check_throw.hpp">
      <Filter>geometry\geometries\point\shared\setter</Filter>
    </ClInclude>
    <ClInclude Include="..\include\agate_pris\noer\geometry\geometries\point\shared\setter\no_check.hpp">
      <Filter>geometry\geometries\point\shared\setter</Filter>
    </ClInclude>
    <ClInclude Include="..\include\agate_pris\noer\geometry\algorithms\intersects.hpp">
      <Filter>geometry\algorithms</Filter>
    </ClInclude>
  </ItemGroup>
  <ItemGroup>
    <Filter Include="exact_number">
      <UniqueIdentifier>{85d55f47-c48c-41ef-9eec-930b1941cca8}</UniqueIdentifier>
    </Filter>
    <Filter Include="config">
      <UniqueIdentifier>{b1b3ffe2-84a0-4065-8b0c-31a321d70e6c}</UniqueIdentifier>
    </Filter>
    <Filter Include="value_init">
      <UniqueIdentifier>{4b0fbed0-122a-4dc0-bd54-a7b68b995536}</UniqueIdentifier>
    </Filter>
    <Filter Include="angle">
      <UniqueIdentifier>{3821fca6-456a-4031-ba92-ae3da4fe5745}</UniqueIdentifier>
    </Filter>
    <Filter Include="geometry">
      <UniqueIdentifier>{9ab5b6c9-7f06-4c0a-935f-12c950fcf6d8}</UniqueIdentifier>
    </Filter>
    <Filter Include="geometry\algorithms">
      <UniqueIdentifier>{45c8d283-dcee-40d2-bd1d-361a613a9309}</UniqueIdentifier>
    </Filter>
    <Filter Include="geometry\algorithms\intersects">
      <UniqueIdentifier>{f43ce768-4f95-45d8-af8c-491f7d77c5ea}</UniqueIdentifier>
    </Filter>
    <Filter Include="geometry\core">
      <UniqueIdentifier>{7e3d6cc0-fb34-4527-ad39-4ed12c31d9d6}</UniqueIdentifier>
    </Filter>
    <Filter Include="geometry\geometries">
      <UniqueIdentifier>{90a0a573-e3c5-437d-b536-0db9c3813d63}</UniqueIdentifier>
    </Filter>
    <Filter Include="geometry\geometries\point">
      <UniqueIdentifier>{a4de34e4-5603-4b41-96d9-c433987135e4}</UniqueIdentifier>
    </Filter>
    <Filter Include="geometry\geometries\point\shared">
      <UniqueIdentifier>{1c66fa01-75e7-40bd-a418-43350c022d6c}</UniqueIdentifier>
    </Filter>
    <Filter Include="geometry\geometries\point\shared\getter">
      <UniqueIdentifier>{7c9599c4-e692-4944-b974-9efcd215b2a3}</UniqueIdentifier>
    </Filter>
    <Filter Include="geometry\geometries\point\shared\setter">
      <UniqueIdentifier>{0f969ad3-bfbb-4f04-b6cd-2cac59cadc0c}</UniqueIdentifier>
    </Filter>
  </ItemGroup>
  <ItemGroup>
    <ClCompile Include="bbp_formula.cpp">
      <Filter>angle</Filter>
    </ClCompile>
  </ItemGroup>
</Project>