<?xml version="1.0" encoding="utf-8"?>
<Project ToolsVersion="4.0" xmlns="http://schemas.microsoft.com/developer/msbuild/2003">
  <ItemGroup>
    <ClCompile Include="bbp_formula.cpp" />
  </ItemGroup>
  <ItemGroup>
    <ClInclude Include="..\include\agate_pris\noer\bbp_formula.hpp" />
    <ClInclude Include="..\include\agate_pris\noer\degree.hpp" />
    <ClInclude Include="..\include\agate_pris\noer\factorial.hpp" />
    <ClInclude Include="..\include\agate_pris\noer\fixed_point_number.hpp" />
    <ClInclude Include="..\include\agate_pris\noer\interpolation.hpp" />
    <ClInclude Include="..\include\agate_pris\noer\lerp.hpp" />
    <ClInclude Include="..\include\agate_pris\noer\pow.hpp" />
    <ClInclude Include="..\include\agate_pris\noer\sin_approximation.hpp" />
    <ClInclude Include="..\include\agate_pris\noer\excess_k.hpp" />
    <ClInclude Include="..\include\agate_pris\noer\fixed_point.hpp" />
  </ItemGroup>
  <ItemGroup>
    <Text Include="ReadMe.txt" />
  </ItemGroup>
</Project>