<?xml version="1.0" encoding="utf-8"?>
<Project ToolsVersion="4.0" xmlns="http://schemas.microsoft.com/developer/msbuild/2003">
  <ItemGroup>
    <ClInclude Include="..\include\agate_pris\noer\factorial.hpp" />
    <ClInclude Include="..\include\agate_pris\noer\interpolation.hpp" />
    <ClInclude Include="..\include\agate_pris\noer\lerp.hpp" />
    <ClInclude Include="..\include\agate_pris\noer\pow.hpp" />
    <ClInclude Include="..\include\agate_pris\noer\sin_approximation.hpp" />
    <ClInclude Include="..\include\agate_pris\noer\excess_k.hpp" />
    <ClInclude Include="..\include\agate_pris\noer\fixed_point.hpp" />
    <ClInclude Include="..\include\agate_pris\noer\sqrt.hpp" />
    <ClInclude Include="..\include\agate_pris\noer\infinity.hpp" />
    <ClInclude Include="..\include\agate_pris\noer\function_traits.hpp" />
    <ClInclude Include="..\include\agate_pris\noer\duplicate.hpp" />
    <ClInclude Include="..\include\agate_pris\noer\eval.hpp" />
    <ClInclude Include="..\include\agate_pris\noer\as_target.hpp" />
    <ClInclude Include="..\include\agate_pris\noer\fraction_traits.hpp" />
    <ClInclude Include="..\include\agate_pris\noer\get.hpp" />
    <ClInclude Include="..\include\agate_pris\noer\collision_detection\point.hpp">
      <Filter>collision_detection</Filter>
    </ClInclude>
    <ClInclude Include="..\include\agate_pris\noer\collision_detection\tags.hpp">
      <Filter>collision_detection</Filter>
    </ClInclude>
    <ClInclude Include="..\include\agate_pris\noer\collision_detection\tag.hpp">
      <Filter>collision_detection</Filter>
    </ClInclude>
    <ClInclude Include="..\include\agate_pris\noer\empty.hpp" />
    <ClInclude Include="..\include\agate_pris\noer\collision_detection\dimension.hpp">
      <Filter>collision_detection</Filter>
    </ClInclude>
    <ClInclude Include="..\include\agate_pris\noer\collision_detection\point_type.hpp">
      <Filter>collision_detection</Filter>
    </ClInclude>
    <ClInclude Include="..\include\agate_pris\noer\collision_detection\access.hpp">
      <Filter>collision_detection</Filter>
    </ClInclude>
    <ClInclude Include="..\include\agate_pris\noer\collision_detection\triangle.hpp">
      <Filter>collision_detection</Filter>
    </ClInclude>
    <ClInclude Include="..\include\agate_pris\noer\collision_detection\intersects_box_box.hpp">
      <Filter>collision_detection</Filter>
    </ClInclude>
    <ClInclude Include="..\include\agate_pris\noer\collision_detection\intersects.hpp">
      <Filter>collision_detection</Filter>
    </ClInclude>
    <ClInclude Include="..\include\agate_pris\noer\collision_detection\intersects_box_point.hpp">
      <Filter>collision_detection</Filter>
    </ClInclude>
    <ClInclude Include="..\include\agate_pris\noer\collision_detection\intersects_box_segment.hpp">
      <Filter>collision_detection</Filter>
    </ClInclude>
    <ClInclude Include="..\include\agate_pris\noer\collision_detection\intersects_box_triangle.hpp">
      <Filter>collision_detection</Filter>
    </ClInclude>
    <ClInclude Include="..\include\agate_pris\noer\collision_detection\intersects_point_triangle.hpp">
      <Filter>collision_detection</Filter>
    </ClInclude>
    <ClInclude Include="..\include\agate_pris\noer\collision_detection\point_order.hpp">
      <Filter>collision_detection</Filter>
    </ClInclude>
    <ClInclude Include="..\include\agate_pris\noer\collision_detection\intersects_segment_segment.hpp">
      <Filter>collision_detection</Filter>
    </ClInclude>
    <ClInclude Include="..\include\agate_pris\noer\collision_detection\intersects_segment_triangle.hpp">
      <Filter>collision_detection</Filter>
    </ClInclude>
    <ClInclude Include="..\include\agate_pris\noer\collision_detection\intersects_triangle_triangle.hpp">
      <Filter>collision_detection</Filter>
    </ClInclude>
    <ClInclude Include="..\include\agate_pris\noer\collision_detection\polymorphic_implement.hpp">
      <Filter>collision_detection</Filter>
    </ClInclude>
    <ClInclude Include="..\include\agate_pris\noer\collision_detection\polymorphic_interface.hpp">
      <Filter>collision_detection</Filter>
    </ClInclude>
    <ClInclude Include="..\include\agate_pris\noer\collision_detection\polymorphic_implement_fwd.hpp">
      <Filter>collision_detection</Filter>
    </ClInclude>
    <ClInclude Include="..\include\agate_pris\noer\collision_detection\intersects_container_polymorphic.hpp">
      <Filter>collision_detection</Filter>
    </ClInclude>
    <ClInclude Include="..\include\agate_pris\noer\collision_detection\intersects_container.hpp">
      <Filter>collision_detection</Filter>
    </ClInclude>
    <ClInclude Include="..\include\agate_pris\noer\collision_detection\relative_point.hpp">
      <Filter>collision_detection</Filter>
    </ClInclude>
    <ClInclude Include="..\include\agate_pris\noer\collision_detection\transform.hpp">
      <Filter>collision_detection</Filter>
    </ClInclude>
    <ClInclude Include="..\include\agate_pris\noer\collision_detection\shared_point.hpp">
      <Filter>collision_detection</Filter>
    </ClInclude>
    <ClInclude Include="..\include\agate_pris\noer\exact_number.hpp">
      <Filter>exact_number</Filter>
    </ClInclude>
    <ClInclude Include="..\include\agate_pris\noer\config.hpp">
      <Filter>config</Filter>
    </ClInclude>
    <ClInclude Include="..\include\agate_pris\noer\config\deprecated.hpp">
      <Filter>config</Filter>
    </ClInclude>
    <ClInclude Include="..\include\agate_pris\noer\collision_detection\cached_point.hpp">
      <Filter>collision_detection</Filter>
    </ClInclude>
    <ClInclude Include="..\include\agate_pris\noer\collision_detection\spherical_coordinates.hpp">
      <Filter>collision_detection</Filter>
    </ClInclude>
    <ClInclude Include="..\include\agate_pris\noer\collision_detection\polar_coordinates.hpp">
      <Filter>collision_detection</Filter>
    </ClInclude>
    <ClInclude Include="..\include\agate_pris\noer\value_init.hpp">
      <Filter>value_init</Filter>
    </ClInclude>
    <ClInclude Include="..\include\agate_pris\noer\angle.hpp">
      <Filter>angle</Filter>
    </ClInclude>
    <ClInclude Include="..\include\agate_pris\noer\angle_traits.hpp">
      <Filter>angle</Filter>
    </ClInclude>
    <ClInclude Include="..\include\agate_pris\noer\atan_table.hpp">
      <Filter>angle</Filter>
    </ClInclude>
    <ClInclude Include="..\include\agate_pris\noer\atan_approximation.hpp">
      <Filter>angle</Filter>
    </ClInclude>
    <ClInclude Include="..\include\agate_pris\noer\bbp_formula.hpp">
      <Filter>angle</Filter>
    </ClInclude>
    <ClInclude Include="..\include\agate_pris\noer\cos.hpp">
      <Filter>angle</Filter>
    </ClInclude>
    <ClInclude Include="..\include\agate_pris\noer\sin.hpp">
      <Filter>angle</Filter>
    </ClInclude>
    <ClInclude Include="..\include\agate_pris\noer\sin_table.hpp">
      <Filter>angle</Filter>
    </ClInclude>
  </ItemGroup>
  <ItemGroup>
    <Filter Include="collision_detection">
      <UniqueIdentifier>{9ab5b6c9-7f06-4c0a-935f-12c950fcf6d8}</UniqueIdentifier>
    </Filter>
    <Filter Include="exact_number">
      <UniqueIdentifier>{85d55f47-c48c-41ef-9eec-930b1941cca8}</UniqueIdentifier>
    </Filter>
    <Filter Include="config">
      <UniqueIdentifier>{b1b3ffe2-84a0-4065-8b0c-31a321d70e6c}</UniqueIdentifier>
    </Filter>
    <Filter Include="value_init">
      <UniqueIdentifier>{4b0fbed0-122a-4dc0-bd54-a7b68b995536}</UniqueIdentifier>
    </Filter>
    <Filter Include="angle">
      <UniqueIdentifier>{3821fca6-456a-4031-ba92-ae3da4fe5745}</UniqueIdentifier>
    </Filter>
  </ItemGroup>
  <ItemGroup>
    <ClCompile Include="bbp_formula.cpp">
      <Filter>angle</Filter>
    </ClCompile>
  </ItemGroup>
</Project>